
Microsoft Visual Studio Solution File, Format Version 12.00
# Visual Studio 14
VisualStudioVersion = 14.0.24720.0
MinimumVisualStudioVersion = 10.0.40219.1
Project("{2150E333-8FDC-42A3-9474-1A3956D46DE8}") = "com", "com", "{0813C080-C228-4619-9B15-676E6A2952A7}"
EndProject
Project("{2150E333-8FDC-42A3-9474-1A3956D46DE8}") = "headFirst", "headFirst", "{F9215642-738C-4241-B534-95FA0391B228}"
EndProject
Project("{2150E333-8FDC-42A3-9474-1A3956D46DE8}") = "designpatterns", "designpatterns", "{3DF9CC75-AA30-4DDD-BCEB-DE1106E24B1C}"
EndProject
Project("{2150E333-8FDC-42A3-9474-1A3956D46DE8}") = "behavioral", "behavioral", "{635D5F08-01F0-4E28-8DAD-2FA55558354A}"
EndProject
Project("{2150E333-8FDC-42A3-9474-1A3956D46DE8}") = "creational", "creational", "{C93560D5-9841-4192-8077-61D5796037F7}"
EndProject
Project("{2150E333-8FDC-42A3-9474-1A3956D46DE8}") = "structural", "structural", "{300CCDA3-53A2-4A4C-832E-D4EB9555D883}"
EndProject
Project("{2150E333-8FDC-42A3-9474-1A3956D46DE8}") = "strategy", "strategy", "{696BD1C6-CA1C-4120-81E1-EE9A85CCB287}"
EndProject
Project("{FAE04EC0-301F-11D3-BF4B-00C04F79EFBC}") = "Sample1", "com\headFirst\designpatterns\behavioral\strategy\Sample1\Sample1.csproj", "{CC735CA8-0010-4C02-A8C7-5C5A67615BE0}"
EndProject
Project("{2150E333-8FDC-42A3-9474-1A3956D46DE8}") = "observer", "observer", "{CCBD7010-FF46-48B6-8748-7788A0273474}"
EndProject
Project("{2150E333-8FDC-42A3-9474-1A3956D46DE8}") = "decorator", "decorator", "{C3FC1C45-3A41-46F9-9AA4-AFF84D8289B3}"
EndProject
Project("{FAE04EC0-301F-11D3-BF4B-00C04F79EFBC}") = "Sample1", "com\headFirst\designpatterns\structural\decorator\Sample1\Sample1.csproj", "{645BF1FC-84B5-4709-9B17-F2605BF78047}"
EndProject
Project("{FAE04EC0-301F-11D3-BF4B-00C04F79EFBC}") = "Sample2", "com\headFirst\designpatterns\structural\decorator\Sample2\Sample2.csproj", "{3F427C3A-5BA1-49A1-9BCF-7B1ED946888B}"
EndProject
Project("{FAE04EC0-301F-11D3-BF4B-00C04F79EFBC}") = "Sample1", "com\headFirst\designpatterns\behavioral\observer\Sample1\Sample1.csproj", "{0B5C61AD-D2F4-4DB1-B337-94B2AEC4B8D2}"
EndProject
Project("{2150E333-8FDC-42A3-9474-1A3956D46DE8}") = "factory", "factory", "{3E3FC417-493D-4999-8A78-86F764894912}"
EndProject
Project("{FAE04EC0-301F-11D3-BF4B-00C04F79EFBC}") = "Sample1", "com\headFirst\designpatterns\creational\factory\Sample1\Sample1.csproj", "{A6316B06-DFE8-48B5-AD05-DCC134C74516}"
EndProject
Project("{2150E333-8FDC-42A3-9474-1A3956D46DE8}") = "factorymethod", "factorymethod", "{AE09AA53-6699-46DB-BA56-D24AF4CEBAF7}"
EndProject
Project("{FAE04EC0-301F-11D3-BF4B-00C04F79EFBC}") = "Sample1", "com\headFirst\designpatterns\creational\factorymethod\Sample1\Sample1.csproj", "{E403BE2B-46B2-4942-98E9-D18EB5EBFD87}"
EndProject
Project("{2150E333-8FDC-42A3-9474-1A3956D46DE8}") = "abstractfactory", "abstractfactory", "{F4142764-2BDB-4313-A28E-980A32895F10}"
EndProject
Project("{FAE04EC0-301F-11D3-BF4B-00C04F79EFBC}") = "Sample1", "com\headFirst\designpatterns\creational\absfactory\Sample1\Sample1.csproj", "{5CED013E-B84E-4A4C-A920-56EDE7981712}"
EndProject
Project("{FAE04EC0-301F-11D3-BF4B-00C04F79EFBC}") = "Sample2", "com\headFirst\designpatterns\behavioral\observer\Sample2\Sample2.csproj", "{E416EB82-1365-4D5C-8D56-7906C2537588}"
EndProject
Project("{2150E333-8FDC-42A3-9474-1A3956D46DE8}") = "singleton", "singleton", "{253E0203-A4ED-4E73-A6CC-0B190951A768}"
EndProject
Project("{FAE04EC0-301F-11D3-BF4B-00C04F79EFBC}") = "Sample1", "com\headFirst\designpatterns\creational\singleton\Sample1\Sample1.csproj", "{4F970BEF-9523-4133-89F8-37B32983A1EA}"
EndProject
Project("{2150E333-8FDC-42A3-9474-1A3956D46DE8}") = "command", "command", "{D635033D-F270-48B4-8A13-D8EDA0B8C103}"
EndProject
Project("{FAE04EC0-301F-11D3-BF4B-00C04F79EFBC}") = "Sample1", "com\headFirst\designpatterns\behavioral\command\Sample1\Sample1.csproj", "{9E85CED9-F99F-4269-B105-EBABB779460D}"
EndProject
Project("{2150E333-8FDC-42A3-9474-1A3956D46DE8}") = "adapter", "adapter", "{A42F885A-32E4-4D31-9B82-EB3E4F507BC1}"
EndProject
Project("{FAE04EC0-301F-11D3-BF4B-00C04F79EFBC}") = "Sample1", "com\headFirst\designpatterns\structural\adapter\Sample1\Sample1.csproj", "{8441DC9A-E558-4149-A70F-2A08F3074742}"
EndProject
Project("{2150E333-8FDC-42A3-9474-1A3956D46DE8}") = "facade", "facade", "{49B554CE-9DC0-4C6A-982E-8B5F3DCF9813}"
EndProject
Project("{FAE04EC0-301F-11D3-BF4B-00C04F79EFBC}") = "Sample1", "com\headFirst\designpatterns\structural\facade\Sample1\Sample1.csproj", "{9933DB76-6D2F-442A-909F-C35479F4F2A6}"
EndProject
Project("{2150E333-8FDC-42A3-9474-1A3956D46DE8}") = "templatemethod", "templatemethod", "{BEAC0789-C939-4399-B5D0-6665B789E164}"
EndProject
Project("{FAE04EC0-301F-11D3-BF4B-00C04F79EFBC}") = "Sample1", "com\headFirst\designpatterns\behavioral\templatemethod\Sample1\Sample1.csproj", "{D9C1E03E-4074-4FC0-B7BD-0B3A4025484D}"
EndProject
Project("{FAE04EC0-301F-11D3-BF4B-00C04F79EFBC}") = "Sample2", "com\headFirst\designpatterns\behavioral\templatemethod\Sample2\Sample2.csproj", "{5887C32C-607F-435A-8589-72C2108E4606}"
EndProject
Project("{FAE04EC0-301F-11D3-BF4B-00C04F79EFBC}") = "Sample2", "com\headFirst\designpatterns\behavioral\command\Sample2\Sample2.csproj", "{97F191E0-2B67-43E7-A7A0-37C30B2FA06B}"
EndProject
Project("{2150E333-8FDC-42A3-9474-1A3956D46DE8}") = "iterator", "iterator", "{5EDBC0EC-1CA3-4416-9985-B1577B18F5BC}"
EndProject
Project("{FAE04EC0-301F-11D3-BF4B-00C04F79EFBC}") = "Sample1", "com\headFirst\designpatterns\behavioral\iterator\Sample1\Sample1.csproj", "{F49FF3C0-7DC0-4B7D-A91B-095C3D9FFA56}"
EndProject
Project("{2150E333-8FDC-42A3-9474-1A3956D46DE8}") = "composite", "composite", "{FA6B7757-1CE7-41EF-BE00-6F800F42D330}"
EndProject
Project("{FAE04EC0-301F-11D3-BF4B-00C04F79EFBC}") = "Sample1", "com\headFirst\designpatterns\structural\composite\Sample1\Sample1.csproj", "{CA033DC5-C1D5-402F-A981-8C9E10D87F93}"
EndProject
Project("{FAE04EC0-301F-11D3-BF4B-00C04F79EFBC}") = "Sample2", "com\headFirst\designpatterns\structural\composite\Sample2\Sample2.csproj", "{EEA952DF-CFEA-4311-8AC7-0FF8E792FC96}"
EndProject
Project("{2150E333-8FDC-42A3-9474-1A3956D46DE8}") = "state", "state", "{3FAA7C97-70C2-4ED3-B8F0-95FFFBDD0016}"
EndProject
Project("{FAE04EC0-301F-11D3-BF4B-00C04F79EFBC}") = "Sample1", "com\headFirst\designpatterns\behavioral\state\Sample1\Sample1.csproj", "{C5C35DEB-FE0C-4BE8-B1CA-E0B1DA30BA0E}"
EndProject
Project("{FAE04EC0-301F-11D3-BF4B-00C04F79EFBC}") = "Sample2", "com\headFirst\designpatterns\behavioral\state\Sample2\Sample2.csproj", "{937A7C83-C5DD-4544-B211-786A1667D73E}"
EndProject
Project("{FAE04EC0-301F-11D3-BF4B-00C04F79EFBC}") = "Sample2", "com\headFirst\designpatterns\behavioral\iterator\Sample2\Sample2.csproj", "{F4DFCEAD-A786-4684-9EB2-DC0A7C083985}"
EndProject
Project("{FAE04EC0-301F-11D3-BF4B-00C04F79EFBC}") = "Sample2", "com\headFirst\designpatterns\creational\factorymethod\Sample2\Sample2.csproj", "{51641208-05EB-4EF8-A0CE-51C8A8484747}"
EndProject
Project("{FAE04EC0-301F-11D3-BF4B-00C04F79EFBC}") = "Sample2", "com\headFirst\designpatterns\creational\absfactory\Sample2\Sample2.csproj", "{8A0AEA79-CC19-4A74-8395-DCB4F408F34F}"
EndProject
Global
	GlobalSection(SolutionConfigurationPlatforms) = preSolution
		Debug|Any CPU = Debug|Any CPU
		Release|Any CPU = Release|Any CPU
	EndGlobalSection
	GlobalSection(ProjectConfigurationPlatforms) = postSolution
		{CC735CA8-0010-4C02-A8C7-5C5A67615BE0}.Debug|Any CPU.ActiveCfg = Debug|Any CPU
		{CC735CA8-0010-4C02-A8C7-5C5A67615BE0}.Debug|Any CPU.Build.0 = Debug|Any CPU
		{CC735CA8-0010-4C02-A8C7-5C5A67615BE0}.Release|Any CPU.ActiveCfg = Release|Any CPU
		{CC735CA8-0010-4C02-A8C7-5C5A67615BE0}.Release|Any CPU.Build.0 = Release|Any CPU
		{645BF1FC-84B5-4709-9B17-F2605BF78047}.Debug|Any CPU.ActiveCfg = Debug|Any CPU
		{645BF1FC-84B5-4709-9B17-F2605BF78047}.Debug|Any CPU.Build.0 = Debug|Any CPU
		{645BF1FC-84B5-4709-9B17-F2605BF78047}.Release|Any CPU.ActiveCfg = Release|Any CPU
		{645BF1FC-84B5-4709-9B17-F2605BF78047}.Release|Any CPU.Build.0 = Release|Any CPU
		{3F427C3A-5BA1-49A1-9BCF-7B1ED946888B}.Debug|Any CPU.ActiveCfg = Debug|Any CPU
		{3F427C3A-5BA1-49A1-9BCF-7B1ED946888B}.Debug|Any CPU.Build.0 = Debug|Any CPU
		{3F427C3A-5BA1-49A1-9BCF-7B1ED946888B}.Release|Any CPU.ActiveCfg = Release|Any CPU
		{3F427C3A-5BA1-49A1-9BCF-7B1ED946888B}.Release|Any CPU.Build.0 = Release|Any CPU
		{0B5C61AD-D2F4-4DB1-B337-94B2AEC4B8D2}.Debug|Any CPU.ActiveCfg = Debug|Any CPU
		{0B5C61AD-D2F4-4DB1-B337-94B2AEC4B8D2}.Debug|Any CPU.Build.0 = Debug|Any CPU
		{0B5C61AD-D2F4-4DB1-B337-94B2AEC4B8D2}.Release|Any CPU.ActiveCfg = Release|Any CPU
		{0B5C61AD-D2F4-4DB1-B337-94B2AEC4B8D2}.Release|Any CPU.Build.0 = Release|Any CPU
		{A6316B06-DFE8-48B5-AD05-DCC134C74516}.Debug|Any CPU.ActiveCfg = Debug|Any CPU
		{A6316B06-DFE8-48B5-AD05-DCC134C74516}.Debug|Any CPU.Build.0 = Debug|Any CPU
		{A6316B06-DFE8-48B5-AD05-DCC134C74516}.Release|Any CPU.ActiveCfg = Release|Any CPU
		{A6316B06-DFE8-48B5-AD05-DCC134C74516}.Release|Any CPU.Build.0 = Release|Any CPU
		{E403BE2B-46B2-4942-98E9-D18EB5EBFD87}.Debug|Any CPU.ActiveCfg = Debug|Any CPU
		{E403BE2B-46B2-4942-98E9-D18EB5EBFD87}.Debug|Any CPU.Build.0 = Debug|Any CPU
		{E403BE2B-46B2-4942-98E9-D18EB5EBFD87}.Release|Any CPU.ActiveCfg = Release|Any CPU
		{E403BE2B-46B2-4942-98E9-D18EB5EBFD87}.Release|Any CPU.Build.0 = Release|Any CPU
		{5CED013E-B84E-4A4C-A920-56EDE7981712}.Debug|Any CPU.ActiveCfg = Debug|Any CPU
		{5CED013E-B84E-4A4C-A920-56EDE7981712}.Debug|Any CPU.Build.0 = Debug|Any CPU
		{5CED013E-B84E-4A4C-A920-56EDE7981712}.Release|Any CPU.ActiveCfg = Release|Any CPU
		{5CED013E-B84E-4A4C-A920-56EDE7981712}.Release|Any CPU.Build.0 = Release|Any CPU
		{E416EB82-1365-4D5C-8D56-7906C2537588}.Debug|Any CPU.ActiveCfg = Debug|Any CPU
		{E416EB82-1365-4D5C-8D56-7906C2537588}.Debug|Any CPU.Build.0 = Debug|Any CPU
		{E416EB82-1365-4D5C-8D56-7906C2537588}.Release|Any CPU.ActiveCfg = Release|Any CPU
		{E416EB82-1365-4D5C-8D56-7906C2537588}.Release|Any CPU.Build.0 = Release|Any CPU
		{4F970BEF-9523-4133-89F8-37B32983A1EA}.Debug|Any CPU.ActiveCfg = Debug|Any CPU
		{4F970BEF-9523-4133-89F8-37B32983A1EA}.Debug|Any CPU.Build.0 = Debug|Any CPU
		{4F970BEF-9523-4133-89F8-37B32983A1EA}.Release|Any CPU.ActiveCfg = Release|Any CPU
		{4F970BEF-9523-4133-89F8-37B32983A1EA}.Release|Any CPU.Build.0 = Release|Any CPU
		{9E85CED9-F99F-4269-B105-EBABB779460D}.Debug|Any CPU.ActiveCfg = Debug|Any CPU
		{9E85CED9-F99F-4269-B105-EBABB779460D}.Debug|Any CPU.Build.0 = Debug|Any CPU
		{9E85CED9-F99F-4269-B105-EBABB779460D}.Release|Any CPU.ActiveCfg = Release|Any CPU
		{9E85CED9-F99F-4269-B105-EBABB779460D}.Release|Any CPU.Build.0 = Release|Any CPU
		{8441DC9A-E558-4149-A70F-2A08F3074742}.Debug|Any CPU.ActiveCfg = Debug|Any CPU
		{8441DC9A-E558-4149-A70F-2A08F3074742}.Debug|Any CPU.Build.0 = Debug|Any CPU
		{8441DC9A-E558-4149-A70F-2A08F3074742}.Release|Any CPU.ActiveCfg = Release|Any CPU
		{8441DC9A-E558-4149-A70F-2A08F3074742}.Release|Any CPU.Build.0 = Release|Any CPU
		{9933DB76-6D2F-442A-909F-C35479F4F2A6}.Debug|Any CPU.ActiveCfg = Debug|Any CPU
		{9933DB76-6D2F-442A-909F-C35479F4F2A6}.Debug|Any CPU.Build.0 = Debug|Any CPU
		{9933DB76-6D2F-442A-909F-C35479F4F2A6}.Release|Any CPU.ActiveCfg = Release|Any CPU
		{9933DB76-6D2F-442A-909F-C35479F4F2A6}.Release|Any CPU.Build.0 = Release|Any CPU
		{D9C1E03E-4074-4FC0-B7BD-0B3A4025484D}.Debug|Any CPU.ActiveCfg = Debug|Any CPU
		{D9C1E03E-4074-4FC0-B7BD-0B3A4025484D}.Debug|Any CPU.Build.0 = Debug|Any CPU
		{D9C1E03E-4074-4FC0-B7BD-0B3A4025484D}.Release|Any CPU.ActiveCfg = Release|Any CPU
		{D9C1E03E-4074-4FC0-B7BD-0B3A4025484D}.Release|Any CPU.Build.0 = Release|Any CPU
		{5887C32C-607F-435A-8589-72C2108E4606}.Debug|Any CPU.ActiveCfg = Debug|Any CPU
		{5887C32C-607F-435A-8589-72C2108E4606}.Debug|Any CPU.Build.0 = Debug|Any CPU
		{5887C32C-607F-435A-8589-72C2108E4606}.Release|Any CPU.ActiveCfg = Release|Any CPU
		{5887C32C-607F-435A-8589-72C2108E4606}.Release|Any CPU.Build.0 = Release|Any CPU
		{97F191E0-2B67-43E7-A7A0-37C30B2FA06B}.Debug|Any CPU.ActiveCfg = Debug|Any CPU
		{97F191E0-2B67-43E7-A7A0-37C30B2FA06B}.Debug|Any CPU.Build.0 = Debug|Any CPU
		{97F191E0-2B67-43E7-A7A0-37C30B2FA06B}.Release|Any CPU.ActiveCfg = Release|Any CPU
		{97F191E0-2B67-43E7-A7A0-37C30B2FA06B}.Release|Any CPU.Build.0 = Release|Any CPU
		{F49FF3C0-7DC0-4B7D-A91B-095C3D9FFA56}.Debug|Any CPU.ActiveCfg = Debug|Any CPU
		{F49FF3C0-7DC0-4B7D-A91B-095C3D9FFA56}.Debug|Any CPU.Build.0 = Debug|Any CPU
		{F49FF3C0-7DC0-4B7D-A91B-095C3D9FFA56}.Release|Any CPU.ActiveCfg = Release|Any CPU
		{F49FF3C0-7DC0-4B7D-A91B-095C3D9FFA56}.Release|Any CPU.Build.0 = Release|Any CPU
		{CA033DC5-C1D5-402F-A981-8C9E10D87F93}.Debug|Any CPU.ActiveCfg = Debug|Any CPU
		{CA033DC5-C1D5-402F-A981-8C9E10D87F93}.Debug|Any CPU.Build.0 = Debug|Any CPU
		{CA033DC5-C1D5-402F-A981-8C9E10D87F93}.Release|Any CPU.ActiveCfg = Release|Any CPU
		{CA033DC5-C1D5-402F-A981-8C9E10D87F93}.Release|Any CPU.Build.0 = Release|Any CPU
		{EEA952DF-CFEA-4311-8AC7-0FF8E792FC96}.Debug|Any CPU.ActiveCfg = Debug|Any CPU
		{EEA952DF-CFEA-4311-8AC7-0FF8E792FC96}.Debug|Any CPU.Build.0 = Debug|Any CPU
		{EEA952DF-CFEA-4311-8AC7-0FF8E792FC96}.Release|Any CPU.ActiveCfg = Release|Any CPU
		{EEA952DF-CFEA-4311-8AC7-0FF8E792FC96}.Release|Any CPU.Build.0 = Release|Any CPU
		{C5C35DEB-FE0C-4BE8-B1CA-E0B1DA30BA0E}.Debug|Any CPU.ActiveCfg = Debug|Any CPU
		{C5C35DEB-FE0C-4BE8-B1CA-E0B1DA30BA0E}.Debug|Any CPU.Build.0 = Debug|Any CPU
		{C5C35DEB-FE0C-4BE8-B1CA-E0B1DA30BA0E}.Release|Any CPU.ActiveCfg = Release|Any CPU
		{C5C35DEB-FE0C-4BE8-B1CA-E0B1DA30BA0E}.Release|Any CPU.Build.0 = Release|Any CPU
		{937A7C83-C5DD-4544-B211-786A1667D73E}.Debug|Any CPU.ActiveCfg = Debug|Any CPU
		{937A7C83-C5DD-4544-B211-786A1667D73E}.Debug|Any CPU.Build.0 = Debug|Any CPU
		{937A7C83-C5DD-4544-B211-786A1667D73E}.Release|Any CPU.ActiveCfg = Release|Any CPU
		{937A7C83-C5DD-4544-B211-786A1667D73E}.Release|Any CPU.Build.0 = Release|Any CPU
		{F4DFCEAD-A786-4684-9EB2-DC0A7C083985}.Debug|Any CPU.ActiveCfg = Debug|Any CPU
		{F4DFCEAD-A786-4684-9EB2-DC0A7C083985}.Debug|Any CPU.Build.0 = Debug|Any CPU
		{F4DFCEAD-A786-4684-9EB2-DC0A7C083985}.Release|Any CPU.ActiveCfg = Release|Any CPU
		{F4DFCEAD-A786-4684-9EB2-DC0A7C083985}.Release|Any CPU.Build.0 = Release|Any CPU
		{51641208-05EB-4EF8-A0CE-51C8A8484747}.Debug|Any CPU.ActiveCfg = Debug|Any CPU
		{51641208-05EB-4EF8-A0CE-51C8A8484747}.Debug|Any CPU.Build.0 = Debug|Any CPU
		{51641208-05EB-4EF8-A0CE-51C8A8484747}.Release|Any CPU.ActiveCfg = Release|Any CPU
		{51641208-05EB-4EF8-A0CE-51C8A8484747}.Release|Any CPU.Build.0 = Release|Any CPU
		{8A0AEA79-CC19-4A74-8395-DCB4F408F34F}.Debug|Any CPU.ActiveCfg = Debug|Any CPU
		{8A0AEA79-CC19-4A74-8395-DCB4F408F34F}.Debug|Any CPU.Build.0 = Debug|Any CPU
		{8A0AEA79-CC19-4A74-8395-DCB4F408F34F}.Release|Any CPU.ActiveCfg = Release|Any CPU
		{8A0AEA79-CC19-4A74-8395-DCB4F408F34F}.Release|Any CPU.Build.0 = Release|Any CPU
	EndGlobalSection
	GlobalSection(SolutionProperties) = preSolution
		HideSolutionNode = FALSE
	EndGlobalSection
	GlobalSection(NestedProjects) = preSolution
		{F9215642-738C-4241-B534-95FA0391B228} = {0813C080-C228-4619-9B15-676E6A2952A7}
		{3DF9CC75-AA30-4DDD-BCEB-DE1106E24B1C} = {F9215642-738C-4241-B534-95FA0391B228}
		{635D5F08-01F0-4E28-8DAD-2FA55558354A} = {3DF9CC75-AA30-4DDD-BCEB-DE1106E24B1C}
		{C93560D5-9841-4192-8077-61D5796037F7} = {3DF9CC75-AA30-4DDD-BCEB-DE1106E24B1C}
		{300CCDA3-53A2-4A4C-832E-D4EB9555D883} = {3DF9CC75-AA30-4DDD-BCEB-DE1106E24B1C}
		{696BD1C6-CA1C-4120-81E1-EE9A85CCB287} = {635D5F08-01F0-4E28-8DAD-2FA55558354A}
		{CC735CA8-0010-4C02-A8C7-5C5A67615BE0} = {696BD1C6-CA1C-4120-81E1-EE9A85CCB287}
		{CCBD7010-FF46-48B6-8748-7788A0273474} = {635D5F08-01F0-4E28-8DAD-2FA55558354A}
		{C3FC1C45-3A41-46F9-9AA4-AFF84D8289B3} = {300CCDA3-53A2-4A4C-832E-D4EB9555D883}
		{645BF1FC-84B5-4709-9B17-F2605BF78047} = {C3FC1C45-3A41-46F9-9AA4-AFF84D8289B3}
		{3F427C3A-5BA1-49A1-9BCF-7B1ED946888B} = {C3FC1C45-3A41-46F9-9AA4-AFF84D8289B3}
		{0B5C61AD-D2F4-4DB1-B337-94B2AEC4B8D2} = {CCBD7010-FF46-48B6-8748-7788A0273474}
		{3E3FC417-493D-4999-8A78-86F764894912} = {C93560D5-9841-4192-8077-61D5796037F7}
		{A6316B06-DFE8-48B5-AD05-DCC134C74516} = {3E3FC417-493D-4999-8A78-86F764894912}
		{AE09AA53-6699-46DB-BA56-D24AF4CEBAF7} = {C93560D5-9841-4192-8077-61D5796037F7}
		{E403BE2B-46B2-4942-98E9-D18EB5EBFD87} = {AE09AA53-6699-46DB-BA56-D24AF4CEBAF7}
		{F4142764-2BDB-4313-A28E-980A32895F10} = {C93560D5-9841-4192-8077-61D5796037F7}
		{5CED013E-B84E-4A4C-A920-56EDE7981712} = {F4142764-2BDB-4313-A28E-980A32895F10}
		{E416EB82-1365-4D5C-8D56-7906C2537588} = {CCBD7010-FF46-48B6-8748-7788A0273474}
		{253E0203-A4ED-4E73-A6CC-0B190951A768} = {C93560D5-9841-4192-8077-61D5796037F7}
		{4F970BEF-9523-4133-89F8-37B32983A1EA} = {253E0203-A4ED-4E73-A6CC-0B190951A768}
		{D635033D-F270-48B4-8A13-D8EDA0B8C103} = {635D5F08-01F0-4E28-8DAD-2FA55558354A}
		{9E85CED9-F99F-4269-B105-EBABB779460D} = {D635033D-F270-48B4-8A13-D8EDA0B8C103}
		{A42F885A-32E4-4D31-9B82-EB3E4F507BC1} = {300CCDA3-53A2-4A4C-832E-D4EB9555D883}
		{8441DC9A-E558-4149-A70F-2A08F3074742} = {A42F885A-32E4-4D31-9B82-EB3E4F507BC1}
		{49B554CE-9DC0-4C6A-982E-8B5F3DCF9813} = {300CCDA3-53A2-4A4C-832E-D4EB9555D883}
		{9933DB76-6D2F-442A-909F-C35479F4F2A6} = {49B554CE-9DC0-4C6A-982E-8B5F3DCF9813}
		{BEAC0789-C939-4399-B5D0-6665B789E164} = {635D5F08-01F0-4E28-8DAD-2FA55558354A}
		{D9C1E03E-4074-4FC0-B7BD-0B3A4025484D} = {BEAC0789-C939-4399-B5D0-6665B789E164}
		{5887C32C-607F-435A-8589-72C2108E4606} = {BEAC0789-C939-4399-B5D0-6665B789E164}
		{97F191E0-2B67-43E7-A7A0-37C30B2FA06B} = {D635033D-F270-48B4-8A13-D8EDA0B8C103}
		{5EDBC0EC-1CA3-4416-9985-B1577B18F5BC} = {635D5F08-01F0-4E28-8DAD-2FA55558354A}
		{F49FF3C0-7DC0-4B7D-A91B-095C3D9FFA56} = {5EDBC0EC-1CA3-4416-9985-B1577B18F5BC}
		{FA6B7757-1CE7-41EF-BE00-6F800F42D330} = {300CCDA3-53A2-4A4C-832E-D4EB9555D883}
		{CA033DC5-C1D5-402F-A981-8C9E10D87F93} = {FA6B7757-1CE7-41EF-BE00-6F800F42D330}
		{EEA952DF-CFEA-4311-8AC7-0FF8E792FC96} = {FA6B7757-1CE7-41EF-BE00-6F800F42D330}
		{3FAA7C97-70C2-4ED3-B8F0-95FFFBDD0016} = {635D5F08-01F0-4E28-8DAD-2FA55558354A}
		{C5C35DEB-FE0C-4BE8-B1CA-E0B1DA30BA0E} = {3FAA7C97-70C2-4ED3-B8F0-95FFFBDD0016}
		{937A7C83-C5DD-4544-B211-786A1667D73E} = {3FAA7C97-70C2-4ED3-B8F0-95FFFBDD0016}
		{F4DFCEAD-A786-4684-9EB2-DC0A7C083985} = {5EDBC0EC-1CA3-4416-9985-B1577B18F5BC}
		{51641208-05EB-4EF8-A0CE-51C8A8484747} = {AE09AA53-6699-46DB-BA56-D24AF4CEBAF7}
		{8A0AEA79-CC19-4A74-8395-DCB4F408F34F} = {F4142764-2BDB-4313-A28E-980A32895F10}
	EndGlobalSection
EndGlobal
